
Microsoft Visual Studio Solution File, Format Version 12.00
# Visual Studio Version 17
VisualStudioVersion = 17.0.31912.275
MinimumVisualStudioVersion = 10.0.40219.1
Project("{2150E333-8FDC-42A3-9474-1A3956D46DE8}") = "src", "src", "{7CF6E5C2-E035-444A-B237-069C46A10916}"
EndProject
Project("{9A19103F-16F7-4668-BE54-9A1E7A4F7556}") = "RPL.Identity", "src\RPL.Identity\RPL.Identity.csproj", "{1EE8CC9D-0636-4D2A-81F8-50C527B7271F}"
EndProject
Project("{9A19103F-16F7-4668-BE54-9A1E7A4F7556}") = "RPL.Core", "src\RPL.Core\RPL.Core.csproj", "{4D5B7F80-0A72-4A5E-A7C0-23CD827B3793}"
EndProject
Project("{9A19103F-16F7-4668-BE54-9A1E7A4F7556}") = "RPL.Infrastructure", "src\RPL.Infrastructure\RPL.Infrastructure.csproj", "{2C5A8CE3-C629-47F7-AAAE-518BCA125933}"
EndProject
Project("{9A19103F-16F7-4668-BE54-9A1E7A4F7556}") = "RPL.SharedKernel", "src\RPL.SharedKernel\RPL.SharedKernel.csproj", "{F2570CD6-6832-425C-BCA2-EADC902AE2DB}"
EndProject
Project("{9A19103F-16F7-4668-BE54-9A1E7A4F7556}") = "RPL.Larban", "src\RPL.Larban\RPL.Larban.csproj", "{3C1F9CBA-2F53-4545-A5EF-989A25140CF3}"
EndProject
Project("{9A19103F-16F7-4668-BE54-9A1E7A4F7556}") = "RPL.Paraman", "src\RPL.Paraman\RPL.Paraman.csproj", "{22DD9AB3-0648-41AC-85E2-2489B5C1B67D}"
EndProject
Project("{9A19103F-16F7-4668-BE54-9A1E7A4F7556}") = "RPL.Ryawgen", "src\RPL.Ryawgen\RPL.Ryawgen.csproj", "{4B2FC644-FEA8-4605-ADB0-2AD075DB7379}"
EndProject
Project("{9A19103F-16F7-4668-BE54-9A1E7A4F7556}") = "RPL.Web", "src\RPL.Web\RPL.Web.csproj", "{6BE32F10-51BF-420B-9C33-5C3B6B44455E}"
EndProject
Project("{2150E333-8FDC-42A3-9474-1A3956D46DE8}") = "tests", "tests", "{A746D5AD-76DC-42F7-BF0B-C47D0BDD7683}"
EndProject
Project("{9A19103F-16F7-4668-BE54-9A1E7A4F7556}") = "RPL.FunctionalTests", "tests\RPL.FunctionalTests\RPL.FunctionalTests.csproj", "{C25C935B-CAC2-4862-8410-0E2757A17438}"
EndProject
Project("{9A19103F-16F7-4668-BE54-9A1E7A4F7556}") = "RPL.IntegrationTests", "tests\RPL.IntegrationTests\RPL.IntegrationTests.csproj", "{4FDD563E-FF81-4608-8D6E-EE1424EE0BC5}"
EndProject
Project("{9A19103F-16F7-4668-BE54-9A1E7A4F7556}") = "RPL.UnitTests", "tests\RPL.UnitTests\RPL.UnitTests.csproj", "{1B7BB358-C9D7-44D3-B6FF-BC4A9842392B}"
EndProject
Project("{54A90642-561A-4BB1-A94E-469ADEE60C69}") = "RPL-Larban", "src\RPL-Larban\RPL-Larban.esproj", "{853B2169-22D5-47CA-8B88-3AA5A83CE1D0}"
EndProject
Global
	GlobalSection(SolutionConfigurationPlatforms) = preSolution
		Debug|Any CPU = Debug|Any CPU
		Release|Any CPU = Release|Any CPU
	EndGlobalSection
	GlobalSection(ProjectConfigurationPlatforms) = postSolution
		{1EE8CC9D-0636-4D2A-81F8-50C527B7271F}.Debug|Any CPU.ActiveCfg = Debug|Any CPU
		{1EE8CC9D-0636-4D2A-81F8-50C527B7271F}.Debug|Any CPU.Build.0 = Debug|Any CPU
		{1EE8CC9D-0636-4D2A-81F8-50C527B7271F}.Release|Any CPU.ActiveCfg = Release|Any CPU
		{1EE8CC9D-0636-4D2A-81F8-50C527B7271F}.Release|Any CPU.Build.0 = Release|Any CPU
		{4D5B7F80-0A72-4A5E-A7C0-23CD827B3793}.Debug|Any CPU.ActiveCfg = Debug|Any CPU
		{4D5B7F80-0A72-4A5E-A7C0-23CD827B3793}.Debug|Any CPU.Build.0 = Debug|Any CPU
		{4D5B7F80-0A72-4A5E-A7C0-23CD827B3793}.Release|Any CPU.ActiveCfg = Release|Any CPU
		{4D5B7F80-0A72-4A5E-A7C0-23CD827B3793}.Release|Any CPU.Build.0 = Release|Any CPU
		{2C5A8CE3-C629-47F7-AAAE-518BCA125933}.Debug|Any CPU.ActiveCfg = Debug|Any CPU
		{2C5A8CE3-C629-47F7-AAAE-518BCA125933}.Debug|Any CPU.Build.0 = Debug|Any CPU
		{2C5A8CE3-C629-47F7-AAAE-518BCA125933}.Release|Any CPU.ActiveCfg = Release|Any CPU
		{2C5A8CE3-C629-47F7-AAAE-518BCA125933}.Release|Any CPU.Build.0 = Release|Any CPU
		{F2570CD6-6832-425C-BCA2-EADC902AE2DB}.Debug|Any CPU.ActiveCfg = Debug|Any CPU
		{F2570CD6-6832-425C-BCA2-EADC902AE2DB}.Debug|Any CPU.Build.0 = Debug|Any CPU
		{F2570CD6-6832-425C-BCA2-EADC902AE2DB}.Release|Any CPU.ActiveCfg = Release|Any CPU
		{F2570CD6-6832-425C-BCA2-EADC902AE2DB}.Release|Any CPU.Build.0 = Release|Any CPU
		{3C1F9CBA-2F53-4545-A5EF-989A25140CF3}.Debug|Any CPU.ActiveCfg = Debug|Any CPU
		{3C1F9CBA-2F53-4545-A5EF-989A25140CF3}.Debug|Any CPU.Build.0 = Debug|Any CPU
		{3C1F9CBA-2F53-4545-A5EF-989A25140CF3}.Release|Any CPU.ActiveCfg = Release|Any CPU
		{3C1F9CBA-2F53-4545-A5EF-989A25140CF3}.Release|Any CPU.Build.0 = Release|Any CPU
		{22DD9AB3-0648-41AC-85E2-2489B5C1B67D}.Debug|Any CPU.ActiveCfg = Debug|Any CPU
		{22DD9AB3-0648-41AC-85E2-2489B5C1B67D}.Debug|Any CPU.Build.0 = Debug|Any CPU
		{22DD9AB3-0648-41AC-85E2-2489B5C1B67D}.Release|Any CPU.ActiveCfg = Release|Any CPU
		{22DD9AB3-0648-41AC-85E2-2489B5C1B67D}.Release|Any CPU.Build.0 = Release|Any CPU
		{4B2FC644-FEA8-4605-ADB0-2AD075DB7379}.Debug|Any CPU.ActiveCfg = Debug|Any CPU
		{4B2FC644-FEA8-4605-ADB0-2AD075DB7379}.Debug|Any CPU.Build.0 = Debug|Any CPU
		{4B2FC644-FEA8-4605-ADB0-2AD075DB7379}.Release|Any CPU.ActiveCfg = Release|Any CPU
		{4B2FC644-FEA8-4605-ADB0-2AD075DB7379}.Release|Any CPU.Build.0 = Release|Any CPU
		{6BE32F10-51BF-420B-9C33-5C3B6B44455E}.Debug|Any CPU.ActiveCfg = Debug|Any CPU
		{6BE32F10-51BF-420B-9C33-5C3B6B44455E}.Debug|Any CPU.Build.0 = Debug|Any CPU
		{6BE32F10-51BF-420B-9C33-5C3B6B44455E}.Release|Any CPU.ActiveCfg = Release|Any CPU
		{6BE32F10-51BF-420B-9C33-5C3B6B44455E}.Release|Any CPU.Build.0 = Release|Any CPU
		{C25C935B-CAC2-4862-8410-0E2757A17438}.Debug|Any CPU.ActiveCfg = Debug|Any CPU
		{C25C935B-CAC2-4862-8410-0E2757A17438}.Debug|Any CPU.Build.0 = Debug|Any CPU
		{C25C935B-CAC2-4862-8410-0E2757A17438}.Release|Any CPU.ActiveCfg = Release|Any CPU
		{C25C935B-CAC2-4862-8410-0E2757A17438}.Release|Any CPU.Build.0 = Release|Any CPU
		{4FDD563E-FF81-4608-8D6E-EE1424EE0BC5}.Debug|Any CPU.ActiveCfg = Debug|Any CPU
		{4FDD563E-FF81-4608-8D6E-EE1424EE0BC5}.Debug|Any CPU.Build.0 = Debug|Any CPU
		{4FDD563E-FF81-4608-8D6E-EE1424EE0BC5}.Release|Any CPU.ActiveCfg = Release|Any CPU
		{4FDD563E-FF81-4608-8D6E-EE1424EE0BC5}.Release|Any CPU.Build.0 = Release|Any CPU
		{1B7BB358-C9D7-44D3-B6FF-BC4A9842392B}.Debug|Any CPU.ActiveCfg = Debug|Any CPU
		{1B7BB358-C9D7-44D3-B6FF-BC4A9842392B}.Debug|Any CPU.Build.0 = Debug|Any CPU
		{1B7BB358-C9D7-44D3-B6FF-BC4A9842392B}.Release|Any CPU.ActiveCfg = Release|Any CPU
		{1B7BB358-C9D7-44D3-B6FF-BC4A9842392B}.Release|Any CPU.Build.0 = Release|Any CPU
		{853B2169-22D5-47CA-8B88-3AA5A83CE1D0}.Debug|Any CPU.ActiveCfg = Debug|Any CPU
		{853B2169-22D5-47CA-8B88-3AA5A83CE1D0}.Debug|Any CPU.Build.0 = Debug|Any CPU
		{853B2169-22D5-47CA-8B88-3AA5A83CE1D0}.Debug|Any CPU.Deploy.0 = Debug|Any CPU
		{853B2169-22D5-47CA-8B88-3AA5A83CE1D0}.Release|Any CPU.ActiveCfg = Release|Any CPU
		{853B2169-22D5-47CA-8B88-3AA5A83CE1D0}.Release|Any CPU.Build.0 = Release|Any CPU
		{853B2169-22D5-47CA-8B88-3AA5A83CE1D0}.Release|Any CPU.Deploy.0 = Release|Any CPU
	EndGlobalSection
	GlobalSection(SolutionProperties) = preSolution
		HideSolutionNode = FALSE
	EndGlobalSection
	GlobalSection(NestedProjects) = preSolution
		{1EE8CC9D-0636-4D2A-81F8-50C527B7271F} = {7CF6E5C2-E035-444A-B237-069C46A10916}
		{4D5B7F80-0A72-4A5E-A7C0-23CD827B3793} = {7CF6E5C2-E035-444A-B237-069C46A10916}
		{2C5A8CE3-C629-47F7-AAAE-518BCA125933} = {7CF6E5C2-E035-444A-B237-069C46A10916}
		{F2570CD6-6832-425C-BCA2-EADC902AE2DB} = {7CF6E5C2-E035-444A-B237-069C46A10916}
		{3C1F9CBA-2F53-4545-A5EF-989A25140CF3} = {7CF6E5C2-E035-444A-B237-069C46A10916}
		{22DD9AB3-0648-41AC-85E2-2489B5C1B67D} = {7CF6E5C2-E035-444A-B237-069C46A10916}
		{4B2FC644-FEA8-4605-ADB0-2AD075DB7379} = {7CF6E5C2-E035-444A-B237-069C46A10916}
		{6BE32F10-51BF-420B-9C33-5C3B6B44455E} = {7CF6E5C2-E035-444A-B237-069C46A10916}
		{C25C935B-CAC2-4862-8410-0E2757A17438} = {A746D5AD-76DC-42F7-BF0B-C47D0BDD7683}
		{4FDD563E-FF81-4608-8D6E-EE1424EE0BC5} = {A746D5AD-76DC-42F7-BF0B-C47D0BDD7683}
		{1B7BB358-C9D7-44D3-B6FF-BC4A9842392B} = {A746D5AD-76DC-42F7-BF0B-C47D0BDD7683}
		{853B2169-22D5-47CA-8B88-3AA5A83CE1D0} = {7CF6E5C2-E035-444A-B237-069C46A10916}
	EndGlobalSection
	GlobalSection(ExtensibilityGlobals) = postSolution
		SolutionGuid = {56CB1C1F-E8C3-4DC1-9B7E-87744E10DB7A}
	EndGlobalSection
EndGlobal
